
Microsoft Visual Studio Solution File, Format Version 12.00
# Visual Studio 14
VisualStudioVersion = 14.0.25420.1
MinimumVisualStudioVersion = 10.0.40219.1
Project("{FAE04EC0-301F-11D3-BF4B-00C04F79EFBC}") = "Dictionary", "Dictionary\Dictionary.csproj", "{35C232F0-0FC4-4597-B89B-5AA7BD6B8D26}"
EndProject
Project("{6141683F-8A12-4E36-9623-2EB02B2C2303}") = "EnViDictionarySetUp", "EnViDictionarySetUp\EnViDictionarySetUp.isproj", "{FB554D5D-94CD-40DF-A003-9BA1620AC68E}"
EndProject
Global
	GlobalSection(SolutionConfigurationPlatforms) = preSolution
		CD_ROM|Any CPU = CD_ROM|Any CPU
		Debug|Any CPU = Debug|Any CPU
		DVD-5|Any CPU = DVD-5|Any CPU
		Release|Any CPU = Release|Any CPU
		SingleImage|Any CPU = SingleImage|Any CPU
	EndGlobalSection
	GlobalSection(ProjectConfigurationPlatforms) = postSolution
		{35C232F0-0FC4-4597-B89B-5AA7BD6B8D26}.CD_ROM|Any CPU.ActiveCfg = Release|Any CPU
		{35C232F0-0FC4-4597-B89B-5AA7BD6B8D26}.CD_ROM|Any CPU.Build.0 = Release|Any CPU
		{35C232F0-0FC4-4597-B89B-5AA7BD6B8D26}.Debug|Any CPU.ActiveCfg = Debug|Any CPU
		{35C232F0-0FC4-4597-B89B-5AA7BD6B8D26}.Debug|Any CPU.Build.0 = Debug|Any CPU
		{35C232F0-0FC4-4597-B89B-5AA7BD6B8D26}.DVD-5|Any CPU.ActiveCfg = Debug|Any CPU
		{35C232F0-0FC4-4597-B89B-5AA7BD6B8D26}.DVD-5|Any CPU.Build.0 = Debug|Any CPU
		{35C232F0-0FC4-4597-B89B-5AA7BD6B8D26}.Release|Any CPU.ActiveCfg = Release|Any CPU
		{35C232F0-0FC4-4597-B89B-5AA7BD6B8D26}.Release|Any CPU.Build.0 = Release|Any CPU
		{35C232F0-0FC4-4597-B89B-5AA7BD6B8D26}.SingleImage|Any CPU.ActiveCfg = Release|Any CPU
		{35C232F0-0FC4-4597-B89B-5AA7BD6B8D26}.SingleImage|Any CPU.Build.0 = Release|Any CPU
		{FB554D5D-94CD-40DF-A003-9BA1620AC68E}.CD_ROM|Any CPU.ActiveCfg = CD_ROM
		{FB554D5D-94CD-40DF-A003-9BA1620AC68E}.CD_ROM|Any CPU.Build.0 = CD_ROM
		{FB554D5D-94CD-40DF-A003-9BA1620AC68E}.Debug|Any CPU.ActiveCfg = DVD-5
		{FB554D5D-94CD-40DF-A003-9BA1620AC68E}.Debug|Any CPU.Build.0 = DVD-5
		{FB554D5D-94CD-40DF-A003-9BA1620AC68E}.DVD-5|Any CPU.ActiveCfg = DVD-5
		{FB554D5D-94CD-40DF-A003-9BA1620AC68E}.DVD-5|Any CPU.Build.0 = DVD-5
		{FB554D5D-94CD-40DF-A003-9BA1620AC68E}.Release|Any CPU.ActiveCfg = SingleImage
		{FB554D5D-94CD-40DF-A003-9BA1620AC68E}.Release|Any CPU.Build.0 = SingleImage
		{FB554D5D-94CD-40DF-A003-9BA1620AC68E}.SingleImage|Any CPU.ActiveCfg = SingleImage
		{FB554D5D-94CD-40DF-A003-9BA1620AC68E}.SingleImage|Any CPU.Build.0 = SingleImage
	EndGlobalSection
	GlobalSection(SolutionProperties) = preSolution
		HideSolutionNode = FALSE
	EndGlobalSection
EndGlobal
